
Microsoft Visual Studio Solution File, Format Version 12.00
# Visual Studio Version 16
VisualStudioVersion = 16.0.30225.117
MinimumVisualStudioVersion = 10.0.40219.1
Project("{9A19103F-16F7-4668-BE54-9A1E7A4F7556}") = "ItStuff", "ItStuff\ItStuff.csproj", "{BFCAF405-40BD-45AB-98FF-AAD1C55AD4DA}"
EndProject
Project("{9A19103F-16F7-4668-BE54-9A1E7A4F7556}") = "DAL", "DAL\DAL.csproj", "{10676769-E44D-41C5-8C2C-775268F54FD3}"
EndProject
Project("{9A19103F-16F7-4668-BE54-9A1E7A4F7556}") = "Model.Common", "Model.Common\Model.Common.csproj", "{E09C5C74-29E3-4DA5-A2A2-7D9CF0BA804B}"
EndProject
Project("{9A19103F-16F7-4668-BE54-9A1E7A4F7556}") = "Model", "Model\Model.csproj", "{F9B6227C-90AF-44E6-874E-9B747FEF5D51}"
EndProject
Project("{9A19103F-16F7-4668-BE54-9A1E7A4F7556}") = "Repository", "Repository\Repository.csproj", "{5AF9EB22-EC3F-4360-ACD3-D8A0C1832E98}"
EndProject
Project("{9A19103F-16F7-4668-BE54-9A1E7A4F7556}") = "Repository.Common", "Repository.Common\Repository.Common.csproj", "{71108766-E0F7-4BBE-90D2-06707724C3C3}"
EndProject
Project("{9A19103F-16F7-4668-BE54-9A1E7A4F7556}") = "Service", "Service\Service.csproj", "{255824BF-415D-4618-B005-7357BF2DD72F}"
EndProject
Project("{9A19103F-16F7-4668-BE54-9A1E7A4F7556}") = "Service.Common", "Service.Common\Service.Common.csproj", "{26A74051-E62D-4473-9F73-A1B76532A26C}"
EndProject
Project("{9A19103F-16F7-4668-BE54-9A1E7A4F7556}") = "Common", "Common\Common.csproj", "{3E8B77E0-0CED-463B-A5AF-1E236D728A8B}"
EndProject
Project("{9A19103F-16F7-4668-BE54-9A1E7A4F7556}") = "ItStuff.Tests", "ItStuff.Tests\ItStuff.Tests.csproj", "{1FE4BD81-8995-48CD-AD1F-1EB672B5E5F9}"
EndProject
Project("{9A19103F-16F7-4668-BE54-9A1E7A4F7556}") = "Repository.Tests", "Repository.Tests\Repository.Tests.csproj", "{644DD3E8-EBFC-4588-A4EA-66876C0D1EA6}"
EndProject
Project("{FAE04EC0-301F-11D3-BF4B-00C04F79EFBC}") = "Service.Tests", "Service.Tests\Service.Tests.csproj", "{819D4216-5B87-4325-9E39-7B02DD4F3541}"
EndProject
Global
	GlobalSection(SolutionConfigurationPlatforms) = preSolution
		Debug|Any CPU = Debug|Any CPU
		Release|Any CPU = Release|Any CPU
	EndGlobalSection
	GlobalSection(ProjectConfigurationPlatforms) = postSolution
		{BFCAF405-40BD-45AB-98FF-AAD1C55AD4DA}.Debug|Any CPU.ActiveCfg = Debug|Any CPU
		{BFCAF405-40BD-45AB-98FF-AAD1C55AD4DA}.Debug|Any CPU.Build.0 = Debug|Any CPU
		{BFCAF405-40BD-45AB-98FF-AAD1C55AD4DA}.Release|Any CPU.ActiveCfg = Release|Any CPU
		{BFCAF405-40BD-45AB-98FF-AAD1C55AD4DA}.Release|Any CPU.Build.0 = Release|Any CPU
		{10676769-E44D-41C5-8C2C-775268F54FD3}.Debug|Any CPU.ActiveCfg = Debug|Any CPU
		{10676769-E44D-41C5-8C2C-775268F54FD3}.Debug|Any CPU.Build.0 = Debug|Any CPU
		{10676769-E44D-41C5-8C2C-775268F54FD3}.Release|Any CPU.ActiveCfg = Release|Any CPU
		{10676769-E44D-41C5-8C2C-775268F54FD3}.Release|Any CPU.Build.0 = Release|Any CPU
		{E09C5C74-29E3-4DA5-A2A2-7D9CF0BA804B}.Debug|Any CPU.ActiveCfg = Debug|Any CPU
		{E09C5C74-29E3-4DA5-A2A2-7D9CF0BA804B}.Debug|Any CPU.Build.0 = Debug|Any CPU
		{E09C5C74-29E3-4DA5-A2A2-7D9CF0BA804B}.Release|Any CPU.ActiveCfg = Release|Any CPU
		{E09C5C74-29E3-4DA5-A2A2-7D9CF0BA804B}.Release|Any CPU.Build.0 = Release|Any CPU
		{F9B6227C-90AF-44E6-874E-9B747FEF5D51}.Debug|Any CPU.ActiveCfg = Debug|Any CPU
		{F9B6227C-90AF-44E6-874E-9B747FEF5D51}.Debug|Any CPU.Build.0 = Debug|Any CPU
		{F9B6227C-90AF-44E6-874E-9B747FEF5D51}.Release|Any CPU.ActiveCfg = Release|Any CPU
		{F9B6227C-90AF-44E6-874E-9B747FEF5D51}.Release|Any CPU.Build.0 = Release|Any CPU
		{5AF9EB22-EC3F-4360-ACD3-D8A0C1832E98}.Debug|Any CPU.ActiveCfg = Debug|Any CPU
		{5AF9EB22-EC3F-4360-ACD3-D8A0C1832E98}.Debug|Any CPU.Build.0 = Debug|Any CPU
		{5AF9EB22-EC3F-4360-ACD3-D8A0C1832E98}.Release|Any CPU.ActiveCfg = Release|Any CPU
		{5AF9EB22-EC3F-4360-ACD3-D8A0C1832E98}.Release|Any CPU.Build.0 = Release|Any CPU
		{71108766-E0F7-4BBE-90D2-06707724C3C3}.Debug|Any CPU.ActiveCfg = Debug|Any CPU
		{71108766-E0F7-4BBE-90D2-06707724C3C3}.Debug|Any CPU.Build.0 = Debug|Any CPU
		{71108766-E0F7-4BBE-90D2-06707724C3C3}.Release|Any CPU.ActiveCfg = Release|Any CPU
		{71108766-E0F7-4BBE-90D2-06707724C3C3}.Release|Any CPU.Build.0 = Release|Any CPU
		{255824BF-415D-4618-B005-7357BF2DD72F}.Debug|Any CPU.ActiveCfg = Debug|Any CPU
		{255824BF-415D-4618-B005-7357BF2DD72F}.Debug|Any CPU.Build.0 = Debug|Any CPU
		{255824BF-415D-4618-B005-7357BF2DD72F}.Release|Any CPU.ActiveCfg = Release|Any CPU
		{255824BF-415D-4618-B005-7357BF2DD72F}.Release|Any CPU.Build.0 = Release|Any CPU
		{26A74051-E62D-4473-9F73-A1B76532A26C}.Debug|Any CPU.ActiveCfg = Debug|Any CPU
		{26A74051-E62D-4473-9F73-A1B76532A26C}.Debug|Any CPU.Build.0 = Debug|Any CPU
		{26A74051-E62D-4473-9F73-A1B76532A26C}.Release|Any CPU.ActiveCfg = Release|Any CPU
		{26A74051-E62D-4473-9F73-A1B76532A26C}.Release|Any CPU.Build.0 = Release|Any CPU
		{3E8B77E0-0CED-463B-A5AF-1E236D728A8B}.Debug|Any CPU.ActiveCfg = Debug|Any CPU
		{3E8B77E0-0CED-463B-A5AF-1E236D728A8B}.Debug|Any CPU.Build.0 = Debug|Any CPU
		{3E8B77E0-0CED-463B-A5AF-1E236D728A8B}.Release|Any CPU.ActiveCfg = Release|Any CPU
		{3E8B77E0-0CED-463B-A5AF-1E236D728A8B}.Release|Any CPU.Build.0 = Release|Any CPU
		{1FE4BD81-8995-48CD-AD1F-1EB672B5E5F9}.Debug|Any CPU.ActiveCfg = Debug|Any CPU
		{1FE4BD81-8995-48CD-AD1F-1EB672B5E5F9}.Debug|Any CPU.Build.0 = Debug|Any CPU
		{1FE4BD81-8995-48CD-AD1F-1EB672B5E5F9}.Release|Any CPU.ActiveCfg = Release|Any CPU
		{1FE4BD81-8995-48CD-AD1F-1EB672B5E5F9}.Release|Any CPU.Build.0 = Release|Any CPU
		{644DD3E8-EBFC-4588-A4EA-66876C0D1EA6}.Debug|Any CPU.ActiveCfg = Debug|Any CPU
		{644DD3E8-EBFC-4588-A4EA-66876C0D1EA6}.Debug|Any CPU.Build.0 = Debug|Any CPU
		{644DD3E8-EBFC-4588-A4EA-66876C0D1EA6}.Release|Any CPU.ActiveCfg = Release|Any CPU
		{644DD3E8-EBFC-4588-A4EA-66876C0D1EA6}.Release|Any CPU.Build.0 = Release|Any CPU
		{819D4216-5B87-4325-9E39-7B02DD4F3541}.Debug|Any CPU.ActiveCfg = Debug|Any CPU
		{819D4216-5B87-4325-9E39-7B02DD4F3541}.Debug|Any CPU.Build.0 = Debug|Any CPU
		{819D4216-5B87-4325-9E39-7B02DD4F3541}.Release|Any CPU.ActiveCfg = Release|Any CPU
		{819D4216-5B87-4325-9E39-7B02DD4F3541}.Release|Any CPU.Build.0 = Release|Any CPU
	EndGlobalSection
	GlobalSection(SolutionProperties) = preSolution
		HideSolutionNode = FALSE
	EndGlobalSection
	GlobalSection(ExtensibilityGlobals) = postSolution
		SolutionGuid = {76CC61DA-7772-4B0F-8FAA-D57E78B41042}
	EndGlobalSection
EndGlobal
